
Microsoft Visual Studio Solution File, Format Version 11.00
# Visual Studio 2010
Project("{8BC9CEB8-8B4A-11D0-8D11-00A0C91BC942}") = "test01", "test01.vcxproj", "{531A6BAD-BA5D-4842-B6C6-02D7730A1E0F}"
EndProject
Global
	GlobalSection(SolutionConfigurationPlatforms) = preSolution
		Debug|Win32 = Debug|Win32
		Release|Win32 = Release|Win32
	EndGlobalSection
	GlobalSection(ProjectConfigurationPlatforms) = postSolution
		{531A6BAD-BA5D-4842-B6C6-02D7730A1E0F}.Debug|Win32.ActiveCfg = Debug|Win32
		{531A6BAD-BA5D-4842-B6C6-02D7730A1E0F}.Debug|Win32.Build.0 = Debug|Win32
		{531A6BAD-BA5D-4842-B6C6-02D7730A1E0F}.Release|Win32.ActiveCfg = Release|Win32
		{531A6BAD-BA5D-4842-B6C6-02D7730A1E0F}.Release|Win32.Build.0 = Release|Win32
	EndGlobalSection
	GlobalSection(SolutionProperties) = preSolution
		HideSolutionNode = FALSE
	EndGlobalSection
EndGlobal
